
Microsoft Visual Studio Solution File, Format Version 12.00
# Visual Studio 15
VisualStudioVersion = 15.0.26124.0
MinimumVisualStudioVersion = 15.0.26124.0
Project("{FAE04EC0-301F-11D3-BF4B-00C04F79EFBC}") = "ArtigoMongoDb.API", "ArtigoMongoDb.API\ArtigoMongoDb.API.csproj", "{B0BEE1E0-79F4-4AB0-8388-9B4258176F26}"
EndProject
Global
	GlobalSection(SolutionConfigurationPlatforms) = preSolution
		Debug|Any CPU = Debug|Any CPU
		Debug|x64 = Debug|x64
		Debug|x86 = Debug|x86
		Release|Any CPU = Release|Any CPU
		Release|x64 = Release|x64
		Release|x86 = Release|x86
	EndGlobalSection
	GlobalSection(SolutionProperties) = preSolution
		HideSolutionNode = FALSE
	EndGlobalSection
	GlobalSection(ProjectConfigurationPlatforms) = postSolution
		{B0BEE1E0-79F4-4AB0-8388-9B4258176F26}.Debug|Any CPU.ActiveCfg = Debug|Any CPU
		{B0BEE1E0-79F4-4AB0-8388-9B4258176F26}.Debug|Any CPU.Build.0 = Debug|Any CPU
		{B0BEE1E0-79F4-4AB0-8388-9B4258176F26}.Debug|x64.ActiveCfg = Debug|Any CPU
		{B0BEE1E0-79F4-4AB0-8388-9B4258176F26}.Debug|x64.Build.0 = Debug|Any CPU
		{B0BEE1E0-79F4-4AB0-8388-9B4258176F26}.Debug|x86.ActiveCfg = Debug|Any CPU
		{B0BEE1E0-79F4-4AB0-8388-9B4258176F26}.Debug|x86.Build.0 = Debug|Any CPU
		{B0BEE1E0-79F4-4AB0-8388-9B4258176F26}.Release|Any CPU.ActiveCfg = Release|Any CPU
		{B0BEE1E0-79F4-4AB0-8388-9B4258176F26}.Release|Any CPU.Build.0 = Release|Any CPU
		{B0BEE1E0-79F4-4AB0-8388-9B4258176F26}.Release|x64.ActiveCfg = Release|Any CPU
		{B0BEE1E0-79F4-4AB0-8388-9B4258176F26}.Release|x64.Build.0 = Release|Any CPU
		{B0BEE1E0-79F4-4AB0-8388-9B4258176F26}.Release|x86.ActiveCfg = Release|Any CPU
		{B0BEE1E0-79F4-4AB0-8388-9B4258176F26}.Release|x86.Build.0 = Release|Any CPU
	EndGlobalSection
EndGlobal
